// !$*UTF8*$!
{
	archiveVersion = 1;
	classes = {
	};
	objectVersion = 56;
	objects = {

/* Begin PBXBuildFile section */
		6B03CA3D2A14C5650057D303 /* ASTPrototypeApp.swift in Sources */ = {isa = PBXBuildFile; fileRef = 6B03CA3C2A14C5650057D303 /* ASTPrototypeApp.swift */; };
		6B03CA412A14C5670057D303 /* Assets.xcassets in Resources */ = {isa = PBXBuildFile; fileRef = 6B03CA402A14C5670057D303 /* Assets.xcassets */; };
		6B03CA442A14C5670057D303 /* Preview Assets.xcassets in Resources */ = {isa = PBXBuildFile; fileRef = 6B03CA432A14C5670057D303 /* Preview Assets.xcassets */; };
		6B03CA4C2A14C6400057D303 /* LoginView.swift in Sources */ = {isa = PBXBuildFile; fileRef = 6B03CA4B2A14C6400057D303 /* LoginView.swift */; };
		6B0E4AB12A39A6510049B67C /* SideScreenView.swift in Sources */ = {isa = PBXBuildFile; fileRef = 6B0E4AB02A39A6510049B67C /* SideScreenView.swift */; };
		6B0E4AB52A39A7560049B67C /* MemorableIconView.swift in Sources */ = {isa = PBXBuildFile; fileRef = 6B0E4AB42A39A7560049B67C /* MemorableIconView.swift */; };
		6B0E4ABA2A39A8610049B67C /* NavigationBar.swift in Sources */ = {isa = PBXBuildFile; fileRef = 6B0E4AB92A39A8610049B67C /* NavigationBar.swift */; };
		6B0E4ABC2A39AAFC0049B67C /* UsernameBar.swift in Sources */ = {isa = PBXBuildFile; fileRef = 6B0E4ABB2A39AAFC0049B67C /* UsernameBar.swift */; };
		6B0E4ABE2A39C01F0049B67C /* ASTButton.swift in Sources */ = {isa = PBXBuildFile; fileRef = 6B0E4ABD2A39C01F0049B67C /* ASTButton.swift */; };
		6B0E4AC02A39C2720049B67C /* ASTButtonSFSymbol.swift in Sources */ = {isa = PBXBuildFile; fileRef = 6B0E4ABF2A39C2720049B67C /* ASTButtonSFSymbol.swift */; };
		6B669F062A16269600CF72BC /* SplashScreenView.swift in Sources */ = {isa = PBXBuildFile; fileRef = 6B669F052A16269600CF72BC /* SplashScreenView.swift */; };
		6B669F082A1B609900CF72BC /* HelpAndFAQView.swift in Sources */ = {isa = PBXBuildFile; fileRef = 6B669F072A1B609900CF72BC /* HelpAndFAQView.swift */; };
		6B669F0A2A1E22E800CF72BC /* HomeScreenView.swift in Sources */ = {isa = PBXBuildFile; fileRef = 6B669F092A1E22E800CF72BC /* HomeScreenView.swift */; };
		6B6A3DB02A4061730028D131 /* FAQQuestions.swift in Sources */ = {isa = PBXBuildFile; fileRef = 6B6A3DAF2A4061730028D131 /* FAQQuestions.swift */; };
		6B8B46B62A41E22D007BF495 /* QRScannerVC.swift in Sources */ = {isa = PBXBuildFile; fileRef = 6B8B46B52A41E22D007BF495 /* QRScannerVC.swift */; };
		6B8B46B92A41E27B007BF495 /* QRCodeView.swift in Sources */ = {isa = PBXBuildFile; fileRef = 6B8B46B82A41E27B007BF495 /* QRCodeView.swift */; };
		6B8B46BB2A431041007BF495 /* ScannerView.swift in Sources */ = {isa = PBXBuildFile; fileRef = 6B8B46BA2A431041007BF495 /* ScannerView.swift */; };
/* End PBXBuildFile section */

/* Begin PBXFileReference section */
		6B03CA392A14C5650057D303 /* ASTPrototype.app */ = {isa = PBXFileReference; explicitFileType = wrapper.application; includeInIndex = 0; path = ASTPrototype.app; sourceTree = BUILT_PRODUCTS_DIR; };
		6B03CA3C2A14C5650057D303 /* ASTPrototypeApp.swift */ = {isa = PBXFileReference; lastKnownFileType = sourcecode.swift; path = ASTPrototypeApp.swift; sourceTree = "<group>"; };
		6B03CA402A14C5670057D303 /* Assets.xcassets */ = {isa = PBXFileReference; lastKnownFileType = folder.assetcatalog; path = Assets.xcassets; sourceTree = "<group>"; };
		6B03CA432A14C5670057D303 /* Preview Assets.xcassets */ = {isa = PBXFileReference; lastKnownFileType = folder.assetcatalog; path = "Preview Assets.xcassets"; sourceTree = "<group>"; };
		6B03CA4B2A14C6400057D303 /* LoginView.swift */ = {isa = PBXFileReference; lastKnownFileType = sourcecode.swift; path = LoginView.swift; sourceTree = "<group>"; };
		6B0E4AB02A39A6510049B67C /* SideScreenView.swift */ = {isa = PBXFileReference; lastKnownFileType = sourcecode.swift; path = SideScreenView.swift; sourceTree = "<group>"; };
		6B0E4AB42A39A7560049B67C /* MemorableIconView.swift */ = {isa = PBXFileReference; lastKnownFileType = sourcecode.swift; path = MemorableIconView.swift; sourceTree = "<group>"; };
		6B0E4AB92A39A8610049B67C /* NavigationBar.swift */ = {isa = PBXFileReference; lastKnownFileType = sourcecode.swift; path = NavigationBar.swift; sourceTree = "<group>"; };
		6B0E4ABB2A39AAFC0049B67C /* UsernameBar.swift */ = {isa = PBXFileReference; lastKnownFileType = sourcecode.swift; path = UsernameBar.swift; sourceTree = "<group>"; };
		6B0E4ABD2A39C01F0049B67C /* ASTButton.swift */ = {isa = PBXFileReference; lastKnownFileType = sourcecode.swift; path = ASTButton.swift; sourceTree = "<group>"; };
		6B0E4ABF2A39C2720049B67C /* ASTButtonSFSymbol.swift */ = {isa = PBXFileReference; lastKnownFileType = sourcecode.swift; path = ASTButtonSFSymbol.swift; sourceTree = "<group>"; };
		6B0E4AC32A39C9C80049B67C /* DesignGuidelines.md */ = {isa = PBXFileReference; lastKnownFileType = net.daringfireball.markdown; path = DesignGuidelines.md; sourceTree = "<group>"; };
		6B669F052A16269600CF72BC /* SplashScreenView.swift */ = {isa = PBXFileReference; lastKnownFileType = sourcecode.swift; path = SplashScreenView.swift; sourceTree = "<group>"; };
		6B669F072A1B609900CF72BC /* HelpAndFAQView.swift */ = {isa = PBXFileReference; lastKnownFileType = sourcecode.swift; path = HelpAndFAQView.swift; sourceTree = "<group>"; };
		6B669F092A1E22E800CF72BC /* HomeScreenView.swift */ = {isa = PBXFileReference; lastKnownFileType = sourcecode.swift; path = HomeScreenView.swift; sourceTree = "<group>"; };
		6B6A3DAF2A4061730028D131 /* FAQQuestions.swift */ = {isa = PBXFileReference; lastKnownFileType = sourcecode.swift; path = FAQQuestions.swift; sourceTree = "<group>"; };
		6B8B46B52A41E22D007BF495 /* QRScannerVC.swift */ = {isa = PBXFileReference; lastKnownFileType = sourcecode.swift; path = QRScannerVC.swift; sourceTree = "<group>"; };
		6B8B46B82A41E27B007BF495 /* QRCodeView.swift */ = {isa = PBXFileReference; lastKnownFileType = sourcecode.swift; path = QRCodeView.swift; sourceTree = "<group>"; };
		6B8B46BA2A431041007BF495 /* ScannerView.swift */ = {isa = PBXFileReference; lastKnownFileType = sourcecode.swift; path = ScannerView.swift; sourceTree = "<group>"; };
/* End PBXFileReference section */

/* Begin PBXFrameworksBuildPhase section */
		6B03CA362A14C5650057D303 /* Frameworks */ = {
			isa = PBXFrameworksBuildPhase;
			buildActionMask = 2147483647;
			files = (
			);
			runOnlyForDeploymentPostprocessing = 0;
		};
/* End PBXFrameworksBuildPhase section */

/* Begin PBXGroup section */
		6B03CA302A14C5650057D303 = {
			isa = PBXGroup;
			children = (
				6B03CA3B2A14C5650057D303 /* ASTPrototype */,
				6B03CA3A2A14C5650057D303 /* Products */,
			);
			sourceTree = "<group>";
		};
		6B03CA3A2A14C5650057D303 /* Products */ = {
			isa = PBXGroup;
			children = (
				6B03CA392A14C5650057D303 /* ASTPrototype.app */,
			);
			name = Products;
			sourceTree = "<group>";
		};
		6B03CA3B2A14C5650057D303 /* ASTPrototype */ = {
			isa = PBXGroup;
			children = (
				6B0E4AC22A39C9AD0049B67C /* Docs */,
				6B0E4AB62A39A8250049B67C /* ViewUtil */,
				6B03CA4A2A14C62A0057D303 /* Screens */,
				6B03CA3C2A14C5650057D303 /* ASTPrototypeApp.swift */,
				6B03CA402A14C5670057D303 /* Assets.xcassets */,
				6B03CA422A14C5670057D303 /* Preview Content */,
			);
			path = ASTPrototype;
			sourceTree = "<group>";
		};
		6B03CA422A14C5670057D303 /* Preview Content */ = {
			isa = PBXGroup;
			children = (
				6B03CA432A14C5670057D303 /* Preview Assets.xcassets */,
			);
			path = "Preview Content";
			sourceTree = "<group>";
		};
		6B03CA4A2A14C62A0057D303 /* Screens */ = {
			isa = PBXGroup;
			children = (
				6B8B46B42A41E21E007BF495 /* QRCodeScanner */,
				6B03CA4B2A14C6400057D303 /* LoginView.swift */,
				6B669F052A16269600CF72BC /* SplashScreenView.swift */,
				6B669F072A1B609900CF72BC /* HelpAndFAQView.swift */,
				6B669F092A1E22E800CF72BC /* HomeScreenView.swift */,
				6B0E4AB02A39A6510049B67C /* SideScreenView.swift */,
				6B0E4AB42A39A7560049B67C /* MemorableIconView.swift */,
			);
			path = Screens;
			sourceTree = "<group>";
		};
		6B0E4AB62A39A8250049B67C /* ViewUtil */ = {
			isa = PBXGroup;
			children = (
				6B0E4AB92A39A8610049B67C /* NavigationBar.swift */,
				6B0E4ABB2A39AAFC0049B67C /* UsernameBar.swift */,
				6B0E4ABD2A39C01F0049B67C /* ASTButton.swift */,
				6B0E4ABF2A39C2720049B67C /* ASTButtonSFSymbol.swift */,
				6B6A3DAF2A4061730028D131 /* FAQQuestions.swift */,
			);
			path = ViewUtil;
			sourceTree = "<group>";
		};
		6B0E4AC22A39C9AD0049B67C /* Docs */ = {
			isa = PBXGroup;
			children = (
				6B0E4AC32A39C9C80049B67C /* DesignGuidelines.md */,
			);
			path = Docs;
			sourceTree = "<group>";
		};
		6B8B46B42A41E21E007BF495 /* QRCodeScanner */ = {
			isa = PBXGroup;
			children = (
				6B8B46B72A41E256007BF495 /* QRScannerScreen */,
				6B8B46B52A41E22D007BF495 /* QRScannerVC.swift */,
			);
			path = QRCodeScanner;
			sourceTree = "<group>";
		};
		6B8B46B72A41E256007BF495 /* QRScannerScreen */ = {
			isa = PBXGroup;
			children = (
				6B8B46B82A41E27B007BF495 /* QRCodeView.swift */,
				6B8B46BA2A431041007BF495 /* ScannerView.swift */,
			);
			path = QRScannerScreen;
			sourceTree = "<group>";
		};
/* End PBXGroup section */

/* Begin PBXNativeTarget section */
		6B03CA382A14C5650057D303 /* ASTPrototype */ = {
			isa = PBXNativeTarget;
			buildConfigurationList = 6B03CA472A14C5670057D303 /* Build configuration list for PBXNativeTarget "ASTPrototype" */;
			buildPhases = (
				6B03CA352A14C5650057D303 /* Sources */,
				6B03CA362A14C5650057D303 /* Frameworks */,
				6B03CA372A14C5650057D303 /* Resources */,
			);
			buildRules = (
			);
			dependencies = (
			);
			name = ASTPrototype;
			productName = ASTPrototype;
			productReference = 6B03CA392A14C5650057D303 /* ASTPrototype.app */;
			productType = "com.apple.product-type.application";
		};
/* End PBXNativeTarget section */

/* Begin PBXProject section */
		6B03CA312A14C5650057D303 /* Project object */ = {
			isa = PBXProject;
			attributes = {
				BuildIndependentTargetsInParallel = 1;
				LastSwiftUpdateCheck = 1430;
				LastUpgradeCheck = 1430;
				TargetAttributes = {
					6B03CA382A14C5650057D303 = {
						CreatedOnToolsVersion = 14.3;
					};
				};
			};
			buildConfigurationList = 6B03CA342A14C5650057D303 /* Build configuration list for PBXProject "ASTPrototype" */;
			compatibilityVersion = "Xcode 14.0";
			developmentRegion = en;
			hasScannedForEncodings = 0;
			knownRegions = (
				en,
				Base,
			);
			mainGroup = 6B03CA302A14C5650057D303;
			productRefGroup = 6B03CA3A2A14C5650057D303 /* Products */;
			projectDirPath = "";
			projectRoot = "";
			targets = (
				6B03CA382A14C5650057D303 /* ASTPrototype */,
			);
		};
/* End PBXProject section */

/* Begin PBXResourcesBuildPhase section */
		6B03CA372A14C5650057D303 /* Resources */ = {
			isa = PBXResourcesBuildPhase;
			buildActionMask = 2147483647;
			files = (
				6B03CA442A14C5670057D303 /* Preview Assets.xcassets in Resources */,
				6B03CA412A14C5670057D303 /* Assets.xcassets in Resources */,
			);
			runOnlyForDeploymentPostprocessing = 0;
		};
/* End PBXResourcesBuildPhase section */

/* Begin PBXSourcesBuildPhase section */
		6B03CA352A14C5650057D303 /* Sources */ = {
			isa = PBXSourcesBuildPhase;
			buildActionMask = 2147483647;
			files = (
				6B6A3DB02A4061730028D131 /* FAQQuestions.swift in Sources */,
				6B0E4AC02A39C2720049B67C /* ASTButtonSFSymbol.swift in Sources */,
				6B669F082A1B609900CF72BC /* HelpAndFAQView.swift in Sources */,
				6B8B46B62A41E22D007BF495 /* QRScannerVC.swift in Sources */,
				6B03CA4C2A14C6400057D303 /* LoginView.swift in Sources */,
				6B669F0A2A1E22E800CF72BC /* HomeScreenView.swift in Sources */,
				6B0E4ABA2A39A8610049B67C /* NavigationBar.swift in Sources */,
				6B03CA3D2A14C5650057D303 /* ASTPrototypeApp.swift in Sources */,
				6B669F062A16269600CF72BC /* SplashScreenView.swift in Sources */,
				6B8B46BB2A431041007BF495 /* ScannerView.swift in Sources */,
				6B0E4ABE2A39C01F0049B67C /* ASTButton.swift in Sources */,
				6B8B46B92A41E27B007BF495 /* QRCodeView.swift in Sources */,
				6B0E4AB12A39A6510049B67C /* SideScreenView.swift in Sources */,
				6B0E4AB52A39A7560049B67C /* MemorableIconView.swift in Sources */,
				6B0E4ABC2A39AAFC0049B67C /* UsernameBar.swift in Sources */,
			);
			runOnlyForDeploymentPostprocessing = 0;
		};
/* End PBXSourcesBuildPhase section */

/* Begin XCBuildConfiguration section */
		6B03CA452A14C5670057D303 /* Debug */ = {
			isa = XCBuildConfiguration;
			buildSettings = {
				ALWAYS_SEARCH_USER_PATHS = NO;
				CLANG_ANALYZER_NONNULL = YES;
				CLANG_ANALYZER_NUMBER_OBJECT_CONVERSION = YES_AGGRESSIVE;
				CLANG_CXX_LANGUAGE_STANDARD = "gnu++20";
				CLANG_ENABLE_MODULES = YES;
				CLANG_ENABLE_OBJC_ARC = YES;
				CLANG_ENABLE_OBJC_WEAK = YES;
				CLANG_WARN_BLOCK_CAPTURE_AUTORELEASING = YES;
				CLANG_WARN_BOOL_CONVERSION = YES;
				CLANG_WARN_COMMA = YES;
				CLANG_WARN_CONSTANT_CONVERSION = YES;
				CLANG_WARN_DEPRECATED_OBJC_IMPLEMENTATIONS = YES;
				CLANG_WARN_DIRECT_OBJC_ISA_USAGE = YES_ERROR;
				CLANG_WARN_DOCUMENTATION_COMMENTS = YES;
				CLANG_WARN_EMPTY_BODY = YES;
				CLANG_WARN_ENUM_CONVERSION = YES;
				CLANG_WARN_INFINITE_RECURSION = YES;
				CLANG_WARN_INT_CONVERSION = YES;
				CLANG_WARN_NON_LITERAL_NULL_CONVERSION = YES;
				CLANG_WARN_OBJC_IMPLICIT_RETAIN_SELF = YES;
				CLANG_WARN_OBJC_LITERAL_CONVERSION = YES;
				CLANG_WARN_OBJC_ROOT_CLASS = YES_ERROR;
				CLANG_WARN_QUOTED_INCLUDE_IN_FRAMEWORK_HEADER = YES;
				CLANG_WARN_RANGE_LOOP_ANALYSIS = YES;
				CLANG_WARN_STRICT_PROTOTYPES = YES;
				CLANG_WARN_SUSPICIOUS_MOVE = YES;
				CLANG_WARN_UNGUARDED_AVAILABILITY = YES_AGGRESSIVE;
				CLANG_WARN_UNREACHABLE_CODE = YES;
				CLANG_WARN__DUPLICATE_METHOD_MATCH = YES;
				COPY_PHASE_STRIP = NO;
				DEBUG_INFORMATION_FORMAT = dwarf;
				ENABLE_STRICT_OBJC_MSGSEND = YES;
				ENABLE_TESTABILITY = YES;
				GCC_C_LANGUAGE_STANDARD = gnu11;
				GCC_DYNAMIC_NO_PIC = NO;
				GCC_NO_COMMON_BLOCKS = YES;
				GCC_OPTIMIZATION_LEVEL = 0;
				GCC_PREPROCESSOR_DEFINITIONS = (
					"DEBUG=1",
					"$(inherited)",
				);
				GCC_WARN_64_TO_32_BIT_CONVERSION = YES;
				GCC_WARN_ABOUT_RETURN_TYPE = YES_ERROR;
				GCC_WARN_UNDECLARED_SELECTOR = YES;
				GCC_WARN_UNINITIALIZED_AUTOS = YES_AGGRESSIVE;
				GCC_WARN_UNUSED_FUNCTION = YES;
				GCC_WARN_UNUSED_VARIABLE = YES;
				IPHONEOS_DEPLOYMENT_TARGET = 16.4;
				MTL_ENABLE_DEBUG_INFO = INCLUDE_SOURCE;
				MTL_FAST_MATH = YES;
				ONLY_ACTIVE_ARCH = YES;
				SDKROOT = iphoneos;
				SWIFT_ACTIVE_COMPILATION_CONDITIONS = DEBUG;
				SWIFT_OPTIMIZATION_LEVEL = "-Onone";
			};
			name = Debug;
		};
		6B03CA462A14C5670057D303 /* Release */ = {
			isa = XCBuildConfiguration;
			buildSettings = {
				ALWAYS_SEARCH_USER_PATHS = NO;
				CLANG_ANALYZER_NONNULL = YES;
				CLANG_ANALYZER_NUMBER_OBJECT_CONVERSION = YES_AGGRESSIVE;
				CLANG_CXX_LANGUAGE_STANDARD = "gnu++20";
				CLANG_ENABLE_MODULES = YES;
				CLANG_ENABLE_OBJC_ARC = YES;
				CLANG_ENABLE_OBJC_WEAK = YES;
				CLANG_WARN_BLOCK_CAPTURE_AUTORELEASING = YES;
				CLANG_WARN_BOOL_CONVERSION = YES;
				CLANG_WARN_COMMA = YES;
				CLANG_WARN_CONSTANT_CONVERSION = YES;
				CLANG_WARN_DEPRECATED_OBJC_IMPLEMENTATIONS = YES;
				CLANG_WARN_DIRECT_OBJC_ISA_USAGE = YES_ERROR;
				CLANG_WARN_DOCUMENTATION_COMMENTS = YES;
				CLANG_WARN_EMPTY_BODY = YES;
				CLANG_WARN_ENUM_CONVERSION = YES;
				CLANG_WARN_INFINITE_RECURSION = YES;
				CLANG_WARN_INT_CONVERSION = YES;
				CLANG_WARN_NON_LITERAL_NULL_CONVERSION = YES;
				CLANG_WARN_OBJC_IMPLICIT_RETAIN_SELF = YES;
				CLANG_WARN_OBJC_LITERAL_CONVERSION = YES;
				CLANG_WARN_OBJC_ROOT_CLASS = YES_ERROR;
				CLANG_WARN_QUOTED_INCLUDE_IN_FRAMEWORK_HEADER = YES;
				CLANG_WARN_RANGE_LOOP_ANALYSIS = YES;
				CLANG_WARN_STRICT_PROTOTYPES = YES;
				CLANG_WARN_SUSPICIOUS_MOVE = YES;
				CLANG_WARN_UNGUARDED_AVAILABILITY = YES_AGGRESSIVE;
				CLANG_WARN_UNREACHABLE_CODE = YES;
				CLANG_WARN__DUPLICATE_METHOD_MATCH = YES;
				COPY_PHASE_STRIP = NO;
				DEBUG_INFORMATION_FORMAT = "dwarf-with-dsym";
				ENABLE_NS_ASSERTIONS = NO;
				ENABLE_STRICT_OBJC_MSGSEND = YES;
				GCC_C_LANGUAGE_STANDARD = gnu11;
				GCC_NO_COMMON_BLOCKS = YES;
				GCC_WARN_64_TO_32_BIT_CONVERSION = YES;
				GCC_WARN_ABOUT_RETURN_TYPE = YES_ERROR;
				GCC_WARN_UNDECLARED_SELECTOR = YES;
				GCC_WARN_UNINITIALIZED_AUTOS = YES_AGGRESSIVE;
				GCC_WARN_UNUSED_FUNCTION = YES;
				GCC_WARN_UNUSED_VARIABLE = YES;
				IPHONEOS_DEPLOYMENT_TARGET = 16.4;
				MTL_ENABLE_DEBUG_INFO = NO;
				MTL_FAST_MATH = YES;
				SDKROOT = iphoneos;
				SWIFT_COMPILATION_MODE = wholemodule;
				SWIFT_OPTIMIZATION_LEVEL = "-O";
				VALIDATE_PRODUCT = YES;
			};
			name = Release;
		};
		6B03CA482A14C5670057D303 /* Debug */ = {
			isa = XCBuildConfiguration;
			buildSettings = {
				ASSETCATALOG_COMPILER_APPICON_NAME = AppIcon;
				ASSETCATALOG_COMPILER_GLOBAL_ACCENT_COLOR_NAME = AccentColor;
				CODE_SIGN_STYLE = Automatic;
				CURRENT_PROJECT_VERSION = 1;
				DEVELOPMENT_ASSET_PATHS = "\"ASTPrototype/Preview Content\"";
				DEVELOPMENT_TEAM = H4VWGKFLG5;
				ENABLE_PREVIEWS = YES;
				GENERATE_INFOPLIST_FILE = YES;
				INFOPLIST_KEY_CFBundleDisplayName = AST;
				INFOPLIST_KEY_LSApplicationCategoryType = "public.app-category.education";
				INFOPLIST_KEY_NSCameraUsageDescription = "$(PRODUCT_NAME)";
				INFOPLIST_KEY_UIApplicationSceneManifest_Generation = YES;
				INFOPLIST_KEY_UIApplicationSupportsIndirectInputEvents = YES;
				INFOPLIST_KEY_UILaunchScreen_Generation = YES;
				INFOPLIST_KEY_UIRequiresFullScreen = YES;
				INFOPLIST_KEY_UIStatusBarStyle = "";
				INFOPLIST_KEY_UISupportedInterfaceOrientations = UIInterfaceOrientationPortrait;
				INFOPLIST_KEY_UISupportedInterfaceOrientations_iPad = "UIInterfaceOrientationLandscapeLeft UIInterfaceOrientationLandscapeRight UIInterfaceOrientationPortrait UIInterfaceOrientationPortraitUpsideDown";
				LD_RUNPATH_SEARCH_PATHS = (
					"$(inherited)",
					"@executable_path/Frameworks",
				);
				MARKETING_VERSION = 1.0;
				PRODUCT_BUNDLE_IDENTIFIER = me.samvalasek.ASTPrototype;
				PRODUCT_NAME = "$(TARGET_NAME)";
				SWIFT_EMIT_LOC_STRINGS = YES;
				SWIFT_VERSION = 5.0;
				TARGETED_DEVICE_FAMILY = "1,2";
			};
			name = Debug;
		};
		6B03CA492A14C5670057D303 /* Release */ = {
			isa = XCBuildConfiguration;
			buildSettings = {
				ASSETCATALOG_COMPILER_APPICON_NAME = AppIcon;
				ASSETCATALOG_COMPILER_GLOBAL_ACCENT_COLOR_NAME = AccentColor;
				CODE_SIGN_STYLE = Automatic;
				CURRENT_PROJECT_VERSION = 1;
				DEVELOPMENT_ASSET_PATHS = "\"ASTPrototype/Preview Content\"";
				DEVELOPMENT_TEAM = H4VWGKFLG5;
				ENABLE_PREVIEWS = YES;
				GENERATE_INFOPLIST_FILE = YES;
				INFOPLIST_KEY_CFBundleDisplayName = AST;
				INFOPLIST_KEY_LSApplicationCategoryType = "public.app-category.education";
				INFOPLIST_KEY_NSCameraUsageDescription = "$(PRODUCT_NAME)";
				INFOPLIST_KEY_UIApplicationSceneManifest_Generation = YES;
				INFOPLIST_KEY_UIApplicationSupportsIndirectInputEvents = YES;
				INFOPLIST_KEY_UILaunchScreen_Generation = YES;
				INFOPLIST_KEY_UIRequiresFullScreen = YES;
				INFOPLIST_KEY_UIStatusBarStyle = "";
				INFOPLIST_KEY_UISupportedInterfaceOrientations = UIInterfaceOrientationPortrait;
				INFOPLIST_KEY_UISupportedInterfaceOrientations_iPad = "UIInterfaceOrientationLandscapeLeft UIInterfaceOrientationLandscapeRight UIInterfaceOrientationPortrait UIInterfaceOrientationPortraitUpsideDown";
				LD_RUNPATH_SEARCH_PATHS = (
					"$(inherited)",
					"@executable_path/Frameworks",
				);
				MARKETING_VERSION = 1.0;
				PRODUCT_BUNDLE_IDENTIFIER = me.samvalasek.ASTPrototype;
				PRODUCT_NAME = "$(TARGET_NAME)";
				SWIFT_EMIT_LOC_STRINGS = YES;
				SWIFT_VERSION = 5.0;
				TARGETED_DEVICE_FAMILY = "1,2";
			};
			name = Release;
		};
/* End XCBuildConfiguration section */

/* Begin XCConfigurationList section */
		6B03CA342A14C5650057D303 /* Build configuration list for PBXProject "ASTPrototype" */ = {
			isa = XCConfigurationList;
			buildConfigurations = (
				6B03CA452A14C5670057D303 /* Debug */,
				6B03CA462A14C5670057D303 /* Release */,
			);
			defaultConfigurationIsVisible = 0;
			defaultConfigurationName = Release;
		};
		6B03CA472A14C5670057D303 /* Build configuration list for PBXNativeTarget "ASTPrototype" */ = {
			isa = XCConfigurationList;
			buildConfigurations = (
				6B03CA482A14C5670057D303 /* Debug */,
				6B03CA492A14C5670057D303 /* Release */,
			);
			defaultConfigurationIsVisible = 0;
			defaultConfigurationName = Release;
		};
/* End XCConfigurationList section */
	};
	rootObject = 6B03CA312A14C5650057D303 /* Project object */;
}
